// !$*UTF8*$!
{
	archiveVersion = 1;
	classes = {
	};
	objectVersion = 56;
	objects = {

/* Begin PBXBuildFile section */
		2CB8C861298127CE008A0090 /* AppDelegate.swift in Sources */ = {isa = PBXBuildFile; fileRef = 2CB8C860298127CE008A0090 /* AppDelegate.swift */; };
		2CB8C863298127CE008A0090 /* SceneDelegate.swift in Sources */ = {isa = PBXBuildFile; fileRef = 2CB8C862298127CE008A0090 /* SceneDelegate.swift */; };
		2CB8C86B298127CE008A0090 /* Cinewise.xcdatamodeld in Sources */ = {isa = PBXBuildFile; fileRef = 2CB8C869298127CE008A0090 /* Cinewise.xcdatamodeld */; };
		2CB8C86D298127D1008A0090 /* Assets.xcassets in Resources */ = {isa = PBXBuildFile; fileRef = 2CB8C86C298127D1008A0090 /* Assets.xcassets */; };
		2CB8C870298127D1008A0090 /* LaunchScreen.storyboard in Resources */ = {isa = PBXBuildFile; fileRef = 2CB8C86E298127D1008A0090 /* LaunchScreen.storyboard */; };
		2CB8C88029812A1E008A0090 /* APIKeys.swift in Sources */ = {isa = PBXBuildFile; fileRef = 2CB8C87F29812A1E008A0090 /* APIKeys.swift */; };
		2CB8C88229813077008A0090 /* Constants.swift in Sources */ = {isa = PBXBuildFile; fileRef = 2CB8C88129813077008A0090 /* Constants.swift */; };
		2CB8C884298131A0008A0090 /* HomeViewController.swift in Sources */ = {isa = PBXBuildFile; fileRef = 2CB8C883298131A0008A0090 /* HomeViewController.swift */; };
		2CB8C886298131AA008A0090 /* SearchViewController.swift in Sources */ = {isa = PBXBuildFile; fileRef = 2CB8C885298131A9008A0090 /* SearchViewController.swift */; };
		2CB8C888298131B5008A0090 /* WatchListViewController.swift in Sources */ = {isa = PBXBuildFile; fileRef = 2CB8C887298131B5008A0090 /* WatchListViewController.swift */; };
		2CB8C8C0298141F2008A0090 /* HTTPMethod.swift in Sources */ = {isa = PBXBuildFile; fileRef = 2CB8C8BF298141F2008A0090 /* HTTPMethod.swift */; };
		2CB8C8C2298141F8008A0090 /* HTTPEndPoint.swift in Sources */ = {isa = PBXBuildFile; fileRef = 2CB8C8C1298141F8008A0090 /* HTTPEndPoint.swift */; };
		2CB8C8C429814221008A0090 /* NetworkError.swift in Sources */ = {isa = PBXBuildFile; fileRef = 2CB8C8C329814221008A0090 /* NetworkError.swift */; };
		2CB8C8C629814236008A0090 /* Service.swift in Sources */ = {isa = PBXBuildFile; fileRef = 2CB8C8C529814236008A0090 /* Service.swift */; };
		2CB8C8C82981423C008A0090 /* ServiceHelper.swift in Sources */ = {isa = PBXBuildFile; fileRef = 2CB8C8C72981423C008A0090 /* ServiceHelper.swift */; };
		2CB8C8CA298142CA008A0090 /* Paths.swift in Sources */ = {isa = PBXBuildFile; fileRef = 2CB8C8C9298142CA008A0090 /* Paths.swift */; };
		2CB8C8CD29814418008A0090 /* MovieCategories.swift in Sources */ = {isa = PBXBuildFile; fileRef = 2CB8C8CC29814418008A0090 /* MovieCategories.swift */; };
		2CB8C8CF2981442A008A0090 /* MovieEndPoint.swift in Sources */ = {isa = PBXBuildFile; fileRef = 2CB8C8CE2981442A008A0090 /* MovieEndPoint.swift */; };
		2CB8C8D12981442F008A0090 /* MovieService.swift in Sources */ = {isa = PBXBuildFile; fileRef = 2CB8C8D02981442F008A0090 /* MovieService.swift */; };
		2CB8C8D329814647008A0090 /* Movie.swift in Sources */ = {isa = PBXBuildFile; fileRef = 2CB8C8D229814647008A0090 /* Movie.swift */; };
		2CB8C8D629814896008A0090 /* AppContainer.swift in Sources */ = {isa = PBXBuildFile; fileRef = 2CB8C8D529814896008A0090 /* AppContainer.swift */; };
		2CB8C8D929814C8C008A0090 /* HomeContracts.swift in Sources */ = {isa = PBXBuildFile; fileRef = 2CB8C8D829814C8C008A0090 /* HomeContracts.swift */; };
		2CB8C8DB29814C92008A0090 /* HomeBuilder.swift in Sources */ = {isa = PBXBuildFile; fileRef = 2CB8C8DA29814C92008A0090 /* HomeBuilder.swift */; };
		2CB8C8DD29814CA6008A0090 /* HomeViewModel.swift in Sources */ = {isa = PBXBuildFile; fileRef = 2CB8C8DC29814CA6008A0090 /* HomeViewModel.swift */; };
		2CB8C8DF2981607E008A0090 /* HomePresentation.swift in Sources */ = {isa = PBXBuildFile; fileRef = 2CB8C8DE2981607E008A0090 /* HomePresentation.swift */; };
		2CB8C8E129816A2E008A0090 /* TabBarVC.swift in Sources */ = {isa = PBXBuildFile; fileRef = 2CB8C8E029816A2E008A0090 /* TabBarVC.swift */; };
/* End PBXBuildFile section */

/* Begin PBXFileReference section */
		2CB8C85D298127CE008A0090 /* Cinewise.app */ = {isa = PBXFileReference; explicitFileType = wrapper.application; includeInIndex = 0; path = Cinewise.app; sourceTree = BUILT_PRODUCTS_DIR; };
		2CB8C860298127CE008A0090 /* AppDelegate.swift */ = {isa = PBXFileReference; lastKnownFileType = sourcecode.swift; path = AppDelegate.swift; sourceTree = "<group>"; };
		2CB8C862298127CE008A0090 /* SceneDelegate.swift */ = {isa = PBXFileReference; lastKnownFileType = sourcecode.swift; path = SceneDelegate.swift; sourceTree = "<group>"; };
		2CB8C86A298127CE008A0090 /* Cinewise.xcdatamodel */ = {isa = PBXFileReference; lastKnownFileType = wrapper.xcdatamodel; path = Cinewise.xcdatamodel; sourceTree = "<group>"; };
		2CB8C86C298127D1008A0090 /* Assets.xcassets */ = {isa = PBXFileReference; lastKnownFileType = folder.assetcatalog; path = Assets.xcassets; sourceTree = "<group>"; };
		2CB8C86F298127D1008A0090 /* Base */ = {isa = PBXFileReference; lastKnownFileType = file.storyboard; name = Base; path = Base.lproj/LaunchScreen.storyboard; sourceTree = "<group>"; };
		2CB8C871298127D1008A0090 /* Info.plist */ = {isa = PBXFileReference; lastKnownFileType = text.plist.xml; path = Info.plist; sourceTree = "<group>"; };
		2CB8C87F29812A1E008A0090 /* APIKeys.swift */ = {isa = PBXFileReference; lastKnownFileType = sourcecode.swift; path = APIKeys.swift; sourceTree = "<group>"; };
		2CB8C88129813077008A0090 /* Constants.swift */ = {isa = PBXFileReference; lastKnownFileType = sourcecode.swift; path = Constants.swift; sourceTree = "<group>"; };
		2CB8C883298131A0008A0090 /* HomeViewController.swift */ = {isa = PBXFileReference; lastKnownFileType = sourcecode.swift; path = HomeViewController.swift; sourceTree = "<group>"; };
		2CB8C885298131A9008A0090 /* SearchViewController.swift */ = {isa = PBXFileReference; lastKnownFileType = sourcecode.swift; path = SearchViewController.swift; sourceTree = "<group>"; };
		2CB8C887298131B5008A0090 /* WatchListViewController.swift */ = {isa = PBXFileReference; lastKnownFileType = sourcecode.swift; path = WatchListViewController.swift; sourceTree = "<group>"; };
		2CB8C8BF298141F2008A0090 /* HTTPMethod.swift */ = {isa = PBXFileReference; lastKnownFileType = sourcecode.swift; path = HTTPMethod.swift; sourceTree = "<group>"; };
		2CB8C8C1298141F8008A0090 /* HTTPEndPoint.swift */ = {isa = PBXFileReference; lastKnownFileType = sourcecode.swift; path = HTTPEndPoint.swift; sourceTree = "<group>"; };
		2CB8C8C329814221008A0090 /* NetworkError.swift */ = {isa = PBXFileReference; lastKnownFileType = sourcecode.swift; path = NetworkError.swift; sourceTree = "<group>"; };
		2CB8C8C529814236008A0090 /* Service.swift */ = {isa = PBXFileReference; lastKnownFileType = sourcecode.swift; path = Service.swift; sourceTree = "<group>"; };
		2CB8C8C72981423C008A0090 /* ServiceHelper.swift */ = {isa = PBXFileReference; lastKnownFileType = sourcecode.swift; path = ServiceHelper.swift; sourceTree = "<group>"; };
		2CB8C8C9298142CA008A0090 /* Paths.swift */ = {isa = PBXFileReference; lastKnownFileType = sourcecode.swift; path = Paths.swift; sourceTree = "<group>"; };
		2CB8C8CC29814418008A0090 /* MovieCategories.swift */ = {isa = PBXFileReference; lastKnownFileType = sourcecode.swift; path = MovieCategories.swift; sourceTree = "<group>"; };
		2CB8C8CE2981442A008A0090 /* MovieEndPoint.swift */ = {isa = PBXFileReference; lastKnownFileType = sourcecode.swift; path = MovieEndPoint.swift; sourceTree = "<group>"; };
		2CB8C8D02981442F008A0090 /* MovieService.swift */ = {isa = PBXFileReference; lastKnownFileType = sourcecode.swift; path = MovieService.swift; sourceTree = "<group>"; };
		2CB8C8D229814647008A0090 /* Movie.swift */ = {isa = PBXFileReference; lastKnownFileType = sourcecode.swift; path = Movie.swift; sourceTree = "<group>"; };
		2CB8C8D529814896008A0090 /* AppContainer.swift */ = {isa = PBXFileReference; lastKnownFileType = sourcecode.swift; path = AppContainer.swift; sourceTree = "<group>"; };
		2CB8C8D829814C8C008A0090 /* HomeContracts.swift */ = {isa = PBXFileReference; lastKnownFileType = sourcecode.swift; path = HomeContracts.swift; sourceTree = "<group>"; };
		2CB8C8DA29814C92008A0090 /* HomeBuilder.swift */ = {isa = PBXFileReference; lastKnownFileType = sourcecode.swift; path = HomeBuilder.swift; sourceTree = "<group>"; };
		2CB8C8DC29814CA6008A0090 /* HomeViewModel.swift */ = {isa = PBXFileReference; lastKnownFileType = sourcecode.swift; path = HomeViewModel.swift; sourceTree = "<group>"; };
		2CB8C8DE2981607E008A0090 /* HomePresentation.swift */ = {isa = PBXFileReference; lastKnownFileType = sourcecode.swift; path = HomePresentation.swift; sourceTree = "<group>"; };
		2CB8C8E029816A2E008A0090 /* TabBarVC.swift */ = {isa = PBXFileReference; lastKnownFileType = sourcecode.swift; path = TabBarVC.swift; sourceTree = "<group>"; };
/* End PBXFileReference section */

/* Begin PBXFrameworksBuildPhase section */
		2CB8C85A298127CE008A0090 /* Frameworks */ = {
			isa = PBXFrameworksBuildPhase;
			buildActionMask = 2147483647;
			files = (
			);
			runOnlyForDeploymentPostprocessing = 0;
		};
/* End PBXFrameworksBuildPhase section */

/* Begin PBXGroup section */
		2CB8C854298127CE008A0090 = {
			isa = PBXGroup;
			children = (
				2CB8C85F298127CE008A0090 /* Cinewise */,
				2CB8C85E298127CE008A0090 /* Products */,
			);
			sourceTree = "<group>";
		};
		2CB8C85E298127CE008A0090 /* Products */ = {
			isa = PBXGroup;
			children = (
				2CB8C85D298127CE008A0090 /* Cinewise.app */,
			);
			name = Products;
			sourceTree = "<group>";
		};
		2CB8C85F298127CE008A0090 /* Cinewise */ = {
			isa = PBXGroup;
			children = (
				2CB8C8D429814890008A0090 /* App */,
				2CB8C87D29812A0B008A0090 /* Extensions */,
				2CB8C87B298129FB008A0090 /* Helper */,
				2CB8C87C29812A00008A0090 /* Network */,
				2CB8C879298129E2008A0090 /* Custom Views */,
				2CB8C87A298129E8008A0090 /* Model */,
				2CB8C878298129DE008A0090 /* Screens */,
				2CB8C877298129D9008A0090 /* Core */,
				2CB8C871298127D1008A0090 /* Info.plist */,
			);
			path = Cinewise;
			sourceTree = "<group>";
		};
		2CB8C877298129D9008A0090 /* Core */ = {
			isa = PBXGroup;
			children = (
				2CB8C860298127CE008A0090 /* AppDelegate.swift */,
				2CB8C862298127CE008A0090 /* SceneDelegate.swift */,
				2CB8C86C298127D1008A0090 /* Assets.xcassets */,
				2CB8C86E298127D1008A0090 /* LaunchScreen.storyboard */,
			);
			path = Core;
			sourceTree = "<group>";
		};
		2CB8C878298129DE008A0090 /* Screens */ = {
			isa = PBXGroup;
			children = (
				2CB8C8E029816A2E008A0090 /* TabBarVC.swift */,
				2CB8C889298131B9008A0090 /* Home */,
				2CB8C88A298131BC008A0090 /* Search */,
				2CB8C88B298131BF008A0090 /* Watch List */,
			);
			path = Screens;
			sourceTree = "<group>";
		};
		2CB8C879298129E2008A0090 /* Custom Views */ = {
			isa = PBXGroup;
			children = (
			);
			path = "Custom Views";
			sourceTree = "<group>";
		};
		2CB8C87A298129E8008A0090 /* Model */ = {
			isa = PBXGroup;
			children = (
				2CB8C869298127CE008A0090 /* Cinewise.xcdatamodeld */,
				2CB8C8D229814647008A0090 /* Movie.swift */,
			);
			path = Model;
			sourceTree = "<group>";
		};
		2CB8C87B298129FB008A0090 /* Helper */ = {
			isa = PBXGroup;
			children = (
				2CB8C87F29812A1E008A0090 /* APIKeys.swift */,
				2CB8C88129813077008A0090 /* Constants.swift */,
			);
			path = Helper;
			sourceTree = "<group>";
		};
		2CB8C87C29812A00008A0090 /* Network */ = {
			isa = PBXGroup;
			children = (
				2CB8C8BB298141CD008A0090 /* Core */,
				2CB8C8BE298141DF008A0090 /* Services */,
			);
			path = Network;
			sourceTree = "<group>";
		};
		2CB8C87D29812A0B008A0090 /* Extensions */ = {
			isa = PBXGroup;
			children = (
			);
			path = Extensions;
			sourceTree = "<group>";
		};
		2CB8C889298131B9008A0090 /* Home */ = {
			isa = PBXGroup;
			children = (
				2CB8C8DA29814C92008A0090 /* HomeBuilder.swift */,
				2CB8C8D829814C8C008A0090 /* HomeContracts.swift */,
				2CB8C8DC29814CA6008A0090 /* HomeViewModel.swift */,
				2CB8C883298131A0008A0090 /* HomeViewController.swift */,
				2CB8C8DE2981607E008A0090 /* HomePresentation.swift */,
			);
			path = Home;
			sourceTree = "<group>";
		};
		2CB8C88A298131BC008A0090 /* Search */ = {
			isa = PBXGroup;
			children = (
				2CB8C885298131A9008A0090 /* SearchViewController.swift */,
			);
			path = Search;
			sourceTree = "<group>";
		};
		2CB8C88B298131BF008A0090 /* Watch List */ = {
			isa = PBXGroup;
			children = (
				2CB8C887298131B5008A0090 /* WatchListViewController.swift */,
			);
			path = "Watch List";
			sourceTree = "<group>";
		};
		2CB8C8BB298141CD008A0090 /* Core */ = {
			isa = PBXGroup;
			children = (
				2CB8C8BC298141D3008A0090 /* Settings */,
				2CB8C8BD298141D6008A0090 /* Service */,
			);
			path = Core;
			sourceTree = "<group>";
		};
		2CB8C8BC298141D3008A0090 /* Settings */ = {
			isa = PBXGroup;
			children = (
				2CB8C8BF298141F2008A0090 /* HTTPMethod.swift */,
				2CB8C8C1298141F8008A0090 /* HTTPEndPoint.swift */,
				2CB8C8C9298142CA008A0090 /* Paths.swift */,
			);
			path = Settings;
			sourceTree = "<group>";
		};
		2CB8C8BD298141D6008A0090 /* Service */ = {
			isa = PBXGroup;
			children = (
				2CB8C8C329814221008A0090 /* NetworkError.swift */,
				2CB8C8C72981423C008A0090 /* ServiceHelper.swift */,
				2CB8C8C529814236008A0090 /* Service.swift */,
			);
			path = Service;
			sourceTree = "<group>";
		};
		2CB8C8BE298141DF008A0090 /* Services */ = {
			isa = PBXGroup;
			children = (
				2CB8C8CB298143C6008A0090 /* Movies */,
			);
			path = Services;
			sourceTree = "<group>";
		};
		2CB8C8CB298143C6008A0090 /* Movies */ = {
			isa = PBXGroup;
			children = (
				2CB8C8CC29814418008A0090 /* MovieCategories.swift */,
				2CB8C8CE2981442A008A0090 /* MovieEndPoint.swift */,
				2CB8C8D02981442F008A0090 /* MovieService.swift */,
			);
			path = Movies;
			sourceTree = "<group>";
		};
		2CB8C8D429814890008A0090 /* App */ = {
			isa = PBXGroup;
			children = (
				2CB8C8D529814896008A0090 /* AppContainer.swift */,
			);
			path = App;
			sourceTree = "<group>";
		};
/* End PBXGroup section */

/* Begin PBXNativeTarget section */
		2CB8C85C298127CE008A0090 /* Cinewise */ = {
			isa = PBXNativeTarget;
			buildConfigurationList = 2CB8C874298127D1008A0090 /* Build configuration list for PBXNativeTarget "Cinewise" */;
			buildPhases = (
				2CB8C859298127CE008A0090 /* Sources */,
				2CB8C85A298127CE008A0090 /* Frameworks */,
				2CB8C85B298127CE008A0090 /* Resources */,
			);
			buildRules = (
			);
			dependencies = (
			);
			name = Cinewise;
			productName = Cinewise;
			productReference = 2CB8C85D298127CE008A0090 /* Cinewise.app */;
			productType = "com.apple.product-type.application";
		};
/* End PBXNativeTarget section */

/* Begin PBXProject section */
		2CB8C855298127CE008A0090 /* Project object */ = {
			isa = PBXProject;
			attributes = {
				BuildIndependentTargetsInParallel = 1;
				LastSwiftUpdateCheck = 1420;
				LastUpgradeCheck = 1420;
				TargetAttributes = {
					2CB8C85C298127CE008A0090 = {
						CreatedOnToolsVersion = 14.2;
					};
				};
			};
			buildConfigurationList = 2CB8C858298127CE008A0090 /* Build configuration list for PBXProject "Cinewise" */;
			compatibilityVersion = "Xcode 14.0";
			developmentRegion = en;
			hasScannedForEncodings = 0;
			knownRegions = (
				en,
				Base,
			);
			mainGroup = 2CB8C854298127CE008A0090;
			productRefGroup = 2CB8C85E298127CE008A0090 /* Products */;
			projectDirPath = "";
			projectRoot = "";
			targets = (
				2CB8C85C298127CE008A0090 /* Cinewise */,
			);
		};
/* End PBXProject section */

/* Begin PBXResourcesBuildPhase section */
		2CB8C85B298127CE008A0090 /* Resources */ = {
			isa = PBXResourcesBuildPhase;
			buildActionMask = 2147483647;
			files = (
				2CB8C870298127D1008A0090 /* LaunchScreen.storyboard in Resources */,
				2CB8C86D298127D1008A0090 /* Assets.xcassets in Resources */,
			);
			runOnlyForDeploymentPostprocessing = 0;
		};
/* End PBXResourcesBuildPhase section */

/* Begin PBXSourcesBuildPhase section */
		2CB8C859298127CE008A0090 /* Sources */ = {
			isa = PBXSourcesBuildPhase;
			buildActionMask = 2147483647;
			files = (
				2CB8C8D929814C8C008A0090 /* HomeContracts.swift in Sources */,
				2CB8C8DD29814CA6008A0090 /* HomeViewModel.swift in Sources */,
				2CB8C8CA298142CA008A0090 /* Paths.swift in Sources */,
				2CB8C88229813077008A0090 /* Constants.swift in Sources */,
				2CB8C8DB29814C92008A0090 /* HomeBuilder.swift in Sources */,
				2CB8C8D329814647008A0090 /* Movie.swift in Sources */,
				2CB8C886298131AA008A0090 /* SearchViewController.swift in Sources */,
				2CB8C888298131B5008A0090 /* WatchListViewController.swift in Sources */,
				2CB8C86B298127CE008A0090 /* Cinewise.xcdatamodeld in Sources */,
				2CB8C861298127CE008A0090 /* AppDelegate.swift in Sources */,
				2CB8C8C629814236008A0090 /* Service.swift in Sources */,
				2CB8C8C82981423C008A0090 /* ServiceHelper.swift in Sources */,
				2CB8C8D629814896008A0090 /* AppContainer.swift in Sources */,
				2CB8C8C0298141F2008A0090 /* HTTPMethod.swift in Sources */,
				2CB8C88029812A1E008A0090 /* APIKeys.swift in Sources */,
				2CB8C863298127CE008A0090 /* SceneDelegate.swift in Sources */,
				2CB8C8C2298141F8008A0090 /* HTTPEndPoint.swift in Sources */,
				2CB8C8D12981442F008A0090 /* MovieService.swift in Sources */,
				2CB8C8C429814221008A0090 /* NetworkError.swift in Sources */,
				2CB8C884298131A0008A0090 /* HomeViewController.swift in Sources */,
				2CB8C8CD29814418008A0090 /* MovieCategories.swift in Sources */,
				2CB8C8DF2981607E008A0090 /* HomePresentation.swift in Sources */,
				2CB8C8E129816A2E008A0090 /* TabBarVC.swift in Sources */,
				2CB8C8CF2981442A008A0090 /* MovieEndPoint.swift in Sources */,
			);
			runOnlyForDeploymentPostprocessing = 0;
		};
/* End PBXSourcesBuildPhase section */

/* Begin PBXVariantGroup section */
		2CB8C86E298127D1008A0090 /* LaunchScreen.storyboard */ = {
			isa = PBXVariantGroup;
			children = (
				2CB8C86F298127D1008A0090 /* Base */,
			);
			name = LaunchScreen.storyboard;
			sourceTree = "<group>";
		};
/* End PBXVariantGroup section */

/* Begin XCBuildConfiguration section */
		2CB8C872298127D1008A0090 /* Debug */ = {
			isa = XCBuildConfiguration;
			buildSettings = {
				ALWAYS_SEARCH_USER_PATHS = NO;
				CLANG_ANALYZER_NONNULL = YES;
				CLANG_ANALYZER_NUMBER_OBJECT_CONVERSION = YES_AGGRESSIVE;
				CLANG_CXX_LANGUAGE_STANDARD = "gnu++20";
				CLANG_ENABLE_MODULES = YES;
				CLANG_ENABLE_OBJC_ARC = YES;
				CLANG_ENABLE_OBJC_WEAK = YES;
				CLANG_WARN_BLOCK_CAPTURE_AUTORELEASING = YES;
				CLANG_WARN_BOOL_CONVERSION = YES;
				CLANG_WARN_COMMA = YES;
				CLANG_WARN_CONSTANT_CONVERSION = YES;
				CLANG_WARN_DEPRECATED_OBJC_IMPLEMENTATIONS = YES;
				CLANG_WARN_DIRECT_OBJC_ISA_USAGE = YES_ERROR;
				CLANG_WARN_DOCUMENTATION_COMMENTS = YES;
				CLANG_WARN_EMPTY_BODY = YES;
				CLANG_WARN_ENUM_CONVERSION = YES;
				CLANG_WARN_INFINITE_RECURSION = YES;
				CLANG_WARN_INT_CONVERSION = YES;
				CLANG_WARN_NON_LITERAL_NULL_CONVERSION = YES;
				CLANG_WARN_OBJC_IMPLICIT_RETAIN_SELF = YES;
				CLANG_WARN_OBJC_LITERAL_CONVERSION = YES;
				CLANG_WARN_OBJC_ROOT_CLASS = YES_ERROR;
				CLANG_WARN_QUOTED_INCLUDE_IN_FRAMEWORK_HEADER = YES;
				CLANG_WARN_RANGE_LOOP_ANALYSIS = YES;
				CLANG_WARN_STRICT_PROTOTYPES = YES;
				CLANG_WARN_SUSPICIOUS_MOVE = YES;
				CLANG_WARN_UNGUARDED_AVAILABILITY = YES_AGGRESSIVE;
				CLANG_WARN_UNREACHABLE_CODE = YES;
				CLANG_WARN__DUPLICATE_METHOD_MATCH = YES;
				COPY_PHASE_STRIP = NO;
				DEBUG_INFORMATION_FORMAT = dwarf;
				ENABLE_STRICT_OBJC_MSGSEND = YES;
				ENABLE_TESTABILITY = YES;
				GCC_C_LANGUAGE_STANDARD = gnu11;
				GCC_DYNAMIC_NO_PIC = NO;
				GCC_NO_COMMON_BLOCKS = YES;
				GCC_OPTIMIZATION_LEVEL = 0;
				GCC_PREPROCESSOR_DEFINITIONS = (
					"DEBUG=1",
					"$(inherited)",
				);
				GCC_WARN_64_TO_32_BIT_CONVERSION = YES;
				GCC_WARN_ABOUT_RETURN_TYPE = YES_ERROR;
				GCC_WARN_UNDECLARED_SELECTOR = YES;
				GCC_WARN_UNINITIALIZED_AUTOS = YES_AGGRESSIVE;
				GCC_WARN_UNUSED_FUNCTION = YES;
				GCC_WARN_UNUSED_VARIABLE = YES;
				IPHONEOS_DEPLOYMENT_TARGET = 16.2;
				MTL_ENABLE_DEBUG_INFO = INCLUDE_SOURCE;
				MTL_FAST_MATH = YES;
				ONLY_ACTIVE_ARCH = YES;
				SDKROOT = iphoneos;
				SWIFT_ACTIVE_COMPILATION_CONDITIONS = DEBUG;
				SWIFT_OPTIMIZATION_LEVEL = "-Onone";
			};
			name = Debug;
		};
		2CB8C873298127D1008A0090 /* Release */ = {
			isa = XCBuildConfiguration;
			buildSettings = {
				ALWAYS_SEARCH_USER_PATHS = NO;
				CLANG_ANALYZER_NONNULL = YES;
				CLANG_ANALYZER_NUMBER_OBJECT_CONVERSION = YES_AGGRESSIVE;
				CLANG_CXX_LANGUAGE_STANDARD = "gnu++20";
				CLANG_ENABLE_MODULES = YES;
				CLANG_ENABLE_OBJC_ARC = YES;
				CLANG_ENABLE_OBJC_WEAK = YES;
				CLANG_WARN_BLOCK_CAPTURE_AUTORELEASING = YES;
				CLANG_WARN_BOOL_CONVERSION = YES;
				CLANG_WARN_COMMA = YES;
				CLANG_WARN_CONSTANT_CONVERSION = YES;
				CLANG_WARN_DEPRECATED_OBJC_IMPLEMENTATIONS = YES;
				CLANG_WARN_DIRECT_OBJC_ISA_USAGE = YES_ERROR;
				CLANG_WARN_DOCUMENTATION_COMMENTS = YES;
				CLANG_WARN_EMPTY_BODY = YES;
				CLANG_WARN_ENUM_CONVERSION = YES;
				CLANG_WARN_INFINITE_RECURSION = YES;
				CLANG_WARN_INT_CONVERSION = YES;
				CLANG_WARN_NON_LITERAL_NULL_CONVERSION = YES;
				CLANG_WARN_OBJC_IMPLICIT_RETAIN_SELF = YES;
				CLANG_WARN_OBJC_LITERAL_CONVERSION = YES;
				CLANG_WARN_OBJC_ROOT_CLASS = YES_ERROR;
				CLANG_WARN_QUOTED_INCLUDE_IN_FRAMEWORK_HEADER = YES;
				CLANG_WARN_RANGE_LOOP_ANALYSIS = YES;
				CLANG_WARN_STRICT_PROTOTYPES = YES;
				CLANG_WARN_SUSPICIOUS_MOVE = YES;
				CLANG_WARN_UNGUARDED_AVAILABILITY = YES_AGGRESSIVE;
				CLANG_WARN_UNREACHABLE_CODE = YES;
				CLANG_WARN__DUPLICATE_METHOD_MATCH = YES;
				COPY_PHASE_STRIP = NO;
				DEBUG_INFORMATION_FORMAT = "dwarf-with-dsym";
				ENABLE_NS_ASSERTIONS = NO;
				ENABLE_STRICT_OBJC_MSGSEND = YES;
				GCC_C_LANGUAGE_STANDARD = gnu11;
				GCC_NO_COMMON_BLOCKS = YES;
				GCC_WARN_64_TO_32_BIT_CONVERSION = YES;
				GCC_WARN_ABOUT_RETURN_TYPE = YES_ERROR;
				GCC_WARN_UNDECLARED_SELECTOR = YES;
				GCC_WARN_UNINITIALIZED_AUTOS = YES_AGGRESSIVE;
				GCC_WARN_UNUSED_FUNCTION = YES;
				GCC_WARN_UNUSED_VARIABLE = YES;
				IPHONEOS_DEPLOYMENT_TARGET = 16.2;
				MTL_ENABLE_DEBUG_INFO = NO;
				MTL_FAST_MATH = YES;
				SDKROOT = iphoneos;
				SWIFT_COMPILATION_MODE = wholemodule;
				SWIFT_OPTIMIZATION_LEVEL = "-O";
				VALIDATE_PRODUCT = YES;
			};
			name = Release;
		};
		2CB8C875298127D1008A0090 /* Debug */ = {
			isa = XCBuildConfiguration;
			buildSettings = {
				ASSETCATALOG_COMPILER_APPICON_NAME = AppIcon;
				ASSETCATALOG_COMPILER_GLOBAL_ACCENT_COLOR_NAME = AccentColor;
				CODE_SIGN_STYLE = Automatic;
				CURRENT_PROJECT_VERSION = 1;
				DEVELOPMENT_TEAM = 49Z33V7QZW;
				FRAMEWORK_SEARCH_PATHS = (
					"$(inherited)",
					"$(PROJECT_DIR)",
				);
				GENERATE_INFOPLIST_FILE = YES;
				INFOPLIST_FILE = Cinewise/Info.plist;
				INFOPLIST_KEY_UIApplicationSupportsIndirectInputEvents = YES;
				INFOPLIST_KEY_UILaunchStoryboardName = LaunchScreen;
				INFOPLIST_KEY_UIMainStoryboardFile = "";
				INFOPLIST_KEY_UISupportedInterfaceOrientations_iPad = "UIInterfaceOrientationPortrait UIInterfaceOrientationPortraitUpsideDown UIInterfaceOrientationLandscapeLeft UIInterfaceOrientationLandscapeRight";
				INFOPLIST_KEY_UISupportedInterfaceOrientations_iPhone = "UIInterfaceOrientationPortrait UIInterfaceOrientationLandscapeLeft UIInterfaceOrientationLandscapeRight";
				LD_RUNPATH_SEARCH_PATHS = (
					"$(inherited)",
					"@executable_path/Frameworks",
				);
				MARKETING_VERSION = 1.0;
				PRODUCT_BUNDLE_IDENTIFIER = com.sameddagli.Cinewise;
				PRODUCT_NAME = "$(TARGET_NAME)";
				SWIFT_EMIT_LOC_STRINGS = YES;
				SWIFT_VERSION = 5.0;
				TARGETED_DEVICE_FAMILY = "1,2";
			};
			name = Debug;
		};
		2CB8C876298127D1008A0090 /* Release */ = {
			isa = XCBuildConfiguration;
			buildSettings = {
				ASSETCATALOG_COMPILER_APPICON_NAME = AppIcon;
				ASSETCATALOG_COMPILER_GLOBAL_ACCENT_COLOR_NAME = AccentColor;
				CODE_SIGN_STYLE = Automatic;
				CURRENT_PROJECT_VERSION = 1;
				DEVELOPMENT_TEAM = 49Z33V7QZW;
				FRAMEWORK_SEARCH_PATHS = (
					"$(inherited)",
					"$(PROJECT_DIR)",
				);
				GENERATE_INFOPLIST_FILE = YES;
				INFOPLIST_FILE = Cinewise/Info.plist;
				INFOPLIST_KEY_UIApplicationSupportsIndirectInputEvents = YES;
				INFOPLIST_KEY_UILaunchStoryboardName = LaunchScreen;
				INFOPLIST_KEY_UIMainStoryboardFile = "";
				INFOPLIST_KEY_UISupportedInterfaceOrientations_iPad = "UIInterfaceOrientationPortrait UIInterfaceOrientationPortraitUpsideDown UIInterfaceOrientationLandscapeLeft UIInterfaceOrientationLandscapeRight";
				INFOPLIST_KEY_UISupportedInterfaceOrientations_iPhone = "UIInterfaceOrientationPortrait UIInterfaceOrientationLandscapeLeft UIInterfaceOrientationLandscapeRight";
				LD_RUNPATH_SEARCH_PATHS = (
					"$(inherited)",
					"@executable_path/Frameworks",
				);
				MARKETING_VERSION = 1.0;
				PRODUCT_BUNDLE_IDENTIFIER = com.sameddagli.Cinewise;
				PRODUCT_NAME = "$(TARGET_NAME)";
				SWIFT_EMIT_LOC_STRINGS = YES;
				SWIFT_VERSION = 5.0;
				TARGETED_DEVICE_FAMILY = "1,2";
			};
			name = Release;
		};
/* End XCBuildConfiguration section */

/* Begin XCConfigurationList section */
		2CB8C858298127CE008A0090 /* Build configuration list for PBXProject "Cinewise" */ = {
			isa = XCConfigurationList;
			buildConfigurations = (
				2CB8C872298127D1008A0090 /* Debug */,
				2CB8C873298127D1008A0090 /* Release */,
			);
			defaultConfigurationIsVisible = 0;
			defaultConfigurationName = Release;
		};
		2CB8C874298127D1008A0090 /* Build configuration list for PBXNativeTarget "Cinewise" */ = {
			isa = XCConfigurationList;
			buildConfigurations = (
				2CB8C875298127D1008A0090 /* Debug */,
				2CB8C876298127D1008A0090 /* Release */,
			);
			defaultConfigurationIsVisible = 0;
			defaultConfigurationName = Release;
		};
/* End XCConfigurationList section */

/* Begin XCVersionGroup section */
		2CB8C869298127CE008A0090 /* Cinewise.xcdatamodeld */ = {
			isa = XCVersionGroup;
			children = (
				2CB8C86A298127CE008A0090 /* Cinewise.xcdatamodel */,
			);
			currentVersion = 2CB8C86A298127CE008A0090 /* Cinewise.xcdatamodel */;
			path = Cinewise.xcdatamodeld;
			sourceTree = "<group>";
			versionGroupType = wrapper.xcdatamodel;
		};
/* End XCVersionGroup section */
	};
	rootObject = 2CB8C855298127CE008A0090 /* Project object */;
}
